
Microsoft Visual Studio Solution File, Format Version 12.00
# Visual Studio Version 16
VisualStudioVersion = 16.0.29209.152
MinimumVisualStudioVersion = 10.0.40219.1
Project("{FAE04EC0-301F-11D3-BF4B-00C04F79EFBC}") = "SnoopAutoCADCSharp", "SnoopAutoCADCSharp.csproj", "{275C1B41-9089-4817-B48F-564A72A6D121}"
EndProject
Global
	GlobalSection(SolutionConfigurationPlatforms) = preSolution
		Debug|Any CPU = Debug|Any CPU
		Release|Any CPU = Release|Any CPU
	EndGlobalSection
	GlobalSection(ProjectConfigurationPlatforms) = postSolution
		{275C1B41-9089-4817-B48F-564A72A6D121}.Debug|Any CPU.ActiveCfg = Release|Any CPU
		{275C1B41-9089-4817-B48F-564A72A6D121}.Debug|Any CPU.Build.0 = Release|Any CPU
		{275C1B41-9089-4817-B48F-564A72A6D121}.Release|Any CPU.ActiveCfg = Release|Any CPU
		{275C1B41-9089-4817-B48F-564A72A6D121}.Release|Any CPU.Build.0 = Release|Any CPU
	EndGlobalSection
	GlobalSection(SolutionProperties) = preSolution
		HideSolutionNode = FALSE
	EndGlobalSection
	GlobalSection(ExtensibilityGlobals) = postSolution
		SolutionGuid = {6D89A3E3-8662-453C-B582-C1EF90529F1C}
	EndGlobalSection
EndGlobal
